
Microsoft Visual Studio Solution File, Format Version 12.00
# Visual Studio Version 16
VisualStudioVersion = 16.0.28803.156
MinimumVisualStudioVersion = 10.0.40219.1
Project("{FAE04EC0-301F-11D3-BF4B-00C04F79EFBC}") = "Grading", "Grading\Grading.csproj", "{2F6B84D9-A6FE-480A-9C35-70E18736D39D}"
EndProject
Project("{FAE04EC0-301F-11D3-BF4B-00C04F79EFBC}") = "Grade.Tests", "Grade.Tests\Grade.Tests.csproj", "{F1022A87-72D6-4FF8-A29C-7DCE4428A07B}"
EndProject
Global
	GlobalSection(SolutionConfigurationPlatforms) = preSolution
		Debug|Any CPU = Debug|Any CPU
		Release|Any CPU = Release|Any CPU
	EndGlobalSection
	GlobalSection(ProjectConfigurationPlatforms) = postSolution
		{2F6B84D9-A6FE-480A-9C35-70E18736D39D}.Debug|Any CPU.ActiveCfg = Debug|Any CPU
		{2F6B84D9-A6FE-480A-9C35-70E18736D39D}.Debug|Any CPU.Build.0 = Debug|Any CPU
		{2F6B84D9-A6FE-480A-9C35-70E18736D39D}.Release|Any CPU.ActiveCfg = Release|Any CPU
		{2F6B84D9-A6FE-480A-9C35-70E18736D39D}.Release|Any CPU.Build.0 = Release|Any CPU
		{F1022A87-72D6-4FF8-A29C-7DCE4428A07B}.Debug|Any CPU.ActiveCfg = Debug|Any CPU
		{F1022A87-72D6-4FF8-A29C-7DCE4428A07B}.Debug|Any CPU.Build.0 = Debug|Any CPU
		{F1022A87-72D6-4FF8-A29C-7DCE4428A07B}.Release|Any CPU.ActiveCfg = Release|Any CPU
		{F1022A87-72D6-4FF8-A29C-7DCE4428A07B}.Release|Any CPU.Build.0 = Release|Any CPU
	EndGlobalSection
	GlobalSection(SolutionProperties) = preSolution
		HideSolutionNode = FALSE
	EndGlobalSection
	GlobalSection(ExtensibilityGlobals) = postSolution
		SolutionGuid = {A8F02C24-FC04-42E8-9CF0-553A44E67033}
	EndGlobalSection
EndGlobal
